
Microsoft Visual Studio Solution File, Format Version 12.00
# Visual Studio Version 17
VisualStudioVersion = 17.8.34330.188
MinimumVisualStudioVersion = 10.0.40219.1
Project("{FAE04EC0-301F-11D3-BF4B-00C04F79EFBC}") = "demoMVC", "demoMVC.csproj", "{FA8BA72A-271A-4841-8AB8-2DAC0A7F4C9D}"
EndProject
Global
	GlobalSection(SolutionConfigurationPlatforms) = preSolution
		Debug|Any CPU = Debug|Any CPU
		Release|Any CPU = Release|Any CPU
	EndGlobalSection
	GlobalSection(ProjectConfigurationPlatforms) = postSolution
		{FA8BA72A-271A-4841-8AB8-2DAC0A7F4C9D}.Debug|Any CPU.ActiveCfg = Debug|Any CPU
		{FA8BA72A-271A-4841-8AB8-2DAC0A7F4C9D}.Debug|Any CPU.Build.0 = Debug|Any CPU
		{FA8BA72A-271A-4841-8AB8-2DAC0A7F4C9D}.Release|Any CPU.ActiveCfg = Release|Any CPU
		{FA8BA72A-271A-4841-8AB8-2DAC0A7F4C9D}.Release|Any CPU.Build.0 = Release|Any CPU
	EndGlobalSection
	GlobalSection(SolutionProperties) = preSolution
		HideSolutionNode = FALSE
	EndGlobalSection
	GlobalSection(ExtensibilityGlobals) = postSolution
		SolutionGuid = {090B4762-8C4D-4E2C-8740-A96A74020C5E}
	EndGlobalSection
EndGlobal
